{
  "version": 1,
  "skills": {
    "git-os": {
      "origin": "local:skills/git-os",
      "mirrors": [
        ".agents/skills/git-os/SKILL.md",
        ".cursor/skills/git-os/SKILL.md"
      ]
    },
    "skill-creator": {
      "origin": "github:anthropics/skills/skill-creator",
      "mirrors": [
        ".agents/skills/skill-creator/SKILL.md",
        ".cursor/skills/skill-creator/SKILL.md"
      ]
    },
    "pytest-coverage": {
      "origin": "github:github/awesome-copilot/pytest-coverage",
      "mirrors": [
        ".agents/skills/pytest-coverage/SKILL.md",
        ".cursor/skills/pytest-coverage/SKILL.md"
      ]
    },
    "python-design-patterns": {
      "origin": "github:wshobson/agents/python-design-patterns@main",
      "mirrors": [
        ".agents/skills/python-design-patterns/SKILL.md",
        ".cursor/skills/python-design-patterns/SKILL.md"
      ]
    },
    "deploy-checklist": {
      "origin": "local:skills/deploy-checklist",
      "mirrors": [
        ".agents/skills/deploy-checklist/SKILL.md",
        ".cursor/skills/deploy-checklist/SKILL.md"
      ]
    }
  }
}